
Microsoft Visual Studio Solution File, Format Version 12.00
# Visual Studio Version 17
VisualStudioVersion = 17.9.34714.143
MinimumVisualStudioVersion = 10.0.40219.1
Project("{9A19103F-16F7-4668-BE54-9A1E7A4F7556}") = "Wellness Centre", "Wellness Centre\Wellness Centre.csproj", "{89D8283E-0094-4A3B-9C41-5ABFD3DDDF6F}"
EndProject
Project("{54A90642-561A-4BB1-A94E-469ADEE60C69}") = "Database", "Database\Database.esproj", "{C3831E89-0626-4526-AAB7-A1C8749EF448}"
EndProject
Global
	GlobalSection(SolutionConfigurationPlatforms) = preSolution
		Debug|Any CPU = Debug|Any CPU
		Release|Any CPU = Release|Any CPU
	EndGlobalSection
	GlobalSection(ProjectConfigurationPlatforms) = postSolution
		{89D8283E-0094-4A3B-9C41-5ABFD3DDDF6F}.Debug|Any CPU.ActiveCfg = Debug|Any CPU
		{89D8283E-0094-4A3B-9C41-5ABFD3DDDF6F}.Debug|Any CPU.Build.0 = Debug|Any CPU
		{89D8283E-0094-4A3B-9C41-5ABFD3DDDF6F}.Release|Any CPU.ActiveCfg = Release|Any CPU
		{89D8283E-0094-4A3B-9C41-5ABFD3DDDF6F}.Release|Any CPU.Build.0 = Release|Any CPU
		{C3831E89-0626-4526-AAB7-A1C8749EF448}.Debug|Any CPU.ActiveCfg = Debug|Any CPU
		{C3831E89-0626-4526-AAB7-A1C8749EF448}.Debug|Any CPU.Build.0 = Debug|Any CPU
		{C3831E89-0626-4526-AAB7-A1C8749EF448}.Debug|Any CPU.Deploy.0 = Debug|Any CPU
		{C3831E89-0626-4526-AAB7-A1C8749EF448}.Release|Any CPU.ActiveCfg = Release|Any CPU
		{C3831E89-0626-4526-AAB7-A1C8749EF448}.Release|Any CPU.Build.0 = Release|Any CPU
		{C3831E89-0626-4526-AAB7-A1C8749EF448}.Release|Any CPU.Deploy.0 = Release|Any CPU
	EndGlobalSection
	GlobalSection(SolutionProperties) = preSolution
		HideSolutionNode = FALSE
	EndGlobalSection
	GlobalSection(ExtensibilityGlobals) = postSolution
		SolutionGuid = {3516C0F0-BC29-4052-B239-5153C3E4DF91}
	EndGlobalSection
EndGlobal
